
Microsoft Visual Studio Solution File, Format Version 12.00
# Visual Studio Version 17
VisualStudioVersion = 17.4.33213.308
MinimumVisualStudioVersion = 10.0.40219.1
Project("{FAE04EC0-301F-11D3-BF4B-00C04F79EFBC}") = "Recipes-Book", "Recipes-Book\Recipes-Book.csproj", "{1FE5E71E-702D-426F-ABD6-361BBF08231B}"
EndProject
Global
	GlobalSection(SolutionConfigurationPlatforms) = preSolution
		Debug|Any CPU = Debug|Any CPU
		Release|Any CPU = Release|Any CPU
	EndGlobalSection
	GlobalSection(ProjectConfigurationPlatforms) = postSolution
		{1FE5E71E-702D-426F-ABD6-361BBF08231B}.Debug|Any CPU.ActiveCfg = Debug|Any CPU
		{1FE5E71E-702D-426F-ABD6-361BBF08231B}.Debug|Any CPU.Build.0 = Debug|Any CPU
		{1FE5E71E-702D-426F-ABD6-361BBF08231B}.Release|Any CPU.ActiveCfg = Release|Any CPU
		{1FE5E71E-702D-426F-ABD6-361BBF08231B}.Release|Any CPU.Build.0 = Release|Any CPU
	EndGlobalSection
	GlobalSection(SolutionProperties) = preSolution
		HideSolutionNode = FALSE
	EndGlobalSection
	GlobalSection(ExtensibilityGlobals) = postSolution
		SolutionGuid = {E2C6622B-CDC7-45D6-B29E-66604A912730}
	EndGlobalSection
EndGlobal
